
Microsoft Visual Studio Solution File, Format Version 12.00
# Visual Studio Version 16
VisualStudioVersion = 16.0.29728.190
MinimumVisualStudioVersion = 10.0.40219.1
Project("{F184B08F-C81C-45F6-A57F-5ABD9991F28F}") = "wav Dispatch 2", "wav Dispatch 2\wav Dispatch 2.vbproj", "{64038746-E6F8-488A-9E4E-E0EC72372B93}"
EndProject
Global
	GlobalSection(SolutionConfigurationPlatforms) = preSolution
		Debug|Any CPU = Debug|Any CPU
		Release|Any CPU = Release|Any CPU
	EndGlobalSection
	GlobalSection(ProjectConfigurationPlatforms) = postSolution
		{64038746-E6F8-488A-9E4E-E0EC72372B93}.Debug|Any CPU.ActiveCfg = Debug|Any CPU
		{64038746-E6F8-488A-9E4E-E0EC72372B93}.Debug|Any CPU.Build.0 = Debug|Any CPU
		{64038746-E6F8-488A-9E4E-E0EC72372B93}.Release|Any CPU.ActiveCfg = Release|Any CPU
		{64038746-E6F8-488A-9E4E-E0EC72372B93}.Release|Any CPU.Build.0 = Release|Any CPU
	EndGlobalSection
	GlobalSection(SolutionProperties) = preSolution
		HideSolutionNode = FALSE
	EndGlobalSection
	GlobalSection(ExtensibilityGlobals) = postSolution
		SolutionGuid = {D3547DA4-B89F-4812-9DCC-42712981E77C}
	EndGlobalSection
EndGlobal
